// !$*UTF8*$!
{
	archiveVersion = 1;
	classes = {
	};
	objectVersion = 55;
	objects = {

/* Begin PBXBuildFile section */
		185BB8E92A33377D000BDD51 /* Icon.png in Resources */ = {isa = PBXBuildFile; fileRef = 185BB8E82A33377D000BDD51 /* Icon.png */; };
		18C644A52A31B880002F3B39 /* AppDelegate.swift in Sources */ = {isa = PBXBuildFile; fileRef = 18C644A42A31B880002F3B39 /* AppDelegate.swift */; };
		18C644A92A31B880002F3B39 /* Main.html in Resources */ = {isa = PBXBuildFile; fileRef = 18C644A72A31B880002F3B39 /* Main.html */; };
		18C644AD2A31B880002F3B39 /* Style.css in Resources */ = {isa = PBXBuildFile; fileRef = 18C644AC2A31B880002F3B39 /* Style.css */; };
		18C644AF2A31B880002F3B39 /* Script.js in Resources */ = {isa = PBXBuildFile; fileRef = 18C644AE2A31B880002F3B39 /* Script.js */; };
		18C644B12A31B880002F3B39 /* ViewController.swift in Sources */ = {isa = PBXBuildFile; fileRef = 18C644B02A31B880002F3B39 /* ViewController.swift */; };
		18C644B42A31B880002F3B39 /* Main.storyboard in Resources */ = {isa = PBXBuildFile; fileRef = 18C644B22A31B880002F3B39 /* Main.storyboard */; };
		18C644B62A31B885002F3B39 /* Assets.xcassets in Resources */ = {isa = PBXBuildFile; fileRef = 18C644B52A31B885002F3B39 /* Assets.xcassets */; };
		18C644BE2A31B886002F3B39 /* Github Actions Flexible Interface Extension.appex in Embed App Extensions */ = {isa = PBXBuildFile; fileRef = 18C644BD2A31B886002F3B39 /* Github Actions Flexible Interface Extension.appex */; settings = {ATTRIBUTES = (RemoveHeadersOnCopy, ); }; };
		18C644C32A31B886002F3B39 /* SafariWebExtensionHandler.swift in Sources */ = {isa = PBXBuildFile; fileRef = 18C644C22A31B886002F3B39 /* SafariWebExtensionHandler.swift */; };
		18C644C62A31B886002F3B39 /* _locales in Resources */ = {isa = PBXBuildFile; fileRef = 18C644C52A31B886002F3B39 /* _locales */; };
		18C644C82A31B886002F3B39 /* images in Resources */ = {isa = PBXBuildFile; fileRef = 18C644C72A31B886002F3B39 /* images */; };
		18C644CA2A31B886002F3B39 /* manifest.json in Resources */ = {isa = PBXBuildFile; fileRef = 18C644C92A31B886002F3B39 /* manifest.json */; };
		18C644CC2A31B886002F3B39 /* background.js in Resources */ = {isa = PBXBuildFile; fileRef = 18C644CB2A31B886002F3B39 /* background.js */; };
		18C644CE2A31B886002F3B39 /* content.js in Resources */ = {isa = PBXBuildFile; fileRef = 18C644CD2A31B886002F3B39 /* content.js */; };
		18C644D02A31B886002F3B39 /* popup.html in Resources */ = {isa = PBXBuildFile; fileRef = 18C644CF2A31B886002F3B39 /* popup.html */; };
		18C644D22A31B886002F3B39 /* popup.css in Resources */ = {isa = PBXBuildFile; fileRef = 18C644D12A31B886002F3B39 /* popup.css */; };
		18C644D42A31B886002F3B39 /* popup.js in Resources */ = {isa = PBXBuildFile; fileRef = 18C644D32A31B886002F3B39 /* popup.js */; };
		18FE11332A31BFB4008DC1CF /* main.js in Resources */ = {isa = PBXBuildFile; fileRef = 18FE11322A31BFB3008DC1CF /* main.js */; };
/* End PBXBuildFile section */

/* Begin PBXContainerItemProxy section */
		18C644BF2A31B886002F3B39 /* PBXContainerItemProxy */ = {
			isa = PBXContainerItemProxy;
			containerPortal = 18C644992A31B87F002F3B39 /* Project object */;
			proxyType = 1;
			remoteGlobalIDString = 18C644BC2A31B886002F3B39;
			remoteInfo = "Github Actions Flexible Interface Extension";
		};
/* End PBXContainerItemProxy section */

/* Begin PBXCopyFilesBuildPhase section */
		18C644DC2A31B886002F3B39 /* Embed App Extensions */ = {
			isa = PBXCopyFilesBuildPhase;
			buildActionMask = 2147483647;
			dstPath = "";
			dstSubfolderSpec = 13;
			files = (
				18C644BE2A31B886002F3B39 /* Github Actions Flexible Interface Extension.appex in Embed App Extensions */,
			);
			name = "Embed App Extensions";
			runOnlyForDeploymentPostprocessing = 0;
		};
/* End PBXCopyFilesBuildPhase section */

/* Begin PBXFileReference section */
		185BB8E82A33377D000BDD51 /* Icon.png */ = {isa = PBXFileReference; lastKnownFileType = image.png; path = Icon.png; sourceTree = "<group>"; };
		18C644A12A31B880002F3B39 /* Github Actions Flexible Interface.app */ = {isa = PBXFileReference; explicitFileType = wrapper.application; includeInIndex = 0; path = "Github Actions Flexible Interface.app"; sourceTree = BUILT_PRODUCTS_DIR; };
		18C644A42A31B880002F3B39 /* AppDelegate.swift */ = {isa = PBXFileReference; lastKnownFileType = sourcecode.swift; path = AppDelegate.swift; sourceTree = "<group>"; };
		18C644A82A31B880002F3B39 /* Base */ = {isa = PBXFileReference; lastKnownFileType = text.html; name = Base; path = ../Base.lproj/Main.html; sourceTree = "<group>"; };
		18C644AC2A31B880002F3B39 /* Style.css */ = {isa = PBXFileReference; lastKnownFileType = text.css; path = Style.css; sourceTree = "<group>"; };
		18C644AE2A31B880002F3B39 /* Script.js */ = {isa = PBXFileReference; lastKnownFileType = sourcecode.javascript; path = Script.js; sourceTree = "<group>"; };
		18C644B02A31B880002F3B39 /* ViewController.swift */ = {isa = PBXFileReference; lastKnownFileType = sourcecode.swift; path = ViewController.swift; sourceTree = "<group>"; };
		18C644B32A31B880002F3B39 /* Base */ = {isa = PBXFileReference; lastKnownFileType = file.storyboard; name = Base; path = Base.lproj/Main.storyboard; sourceTree = "<group>"; };
		18C644B52A31B885002F3B39 /* Assets.xcassets */ = {isa = PBXFileReference; lastKnownFileType = folder.assetcatalog; path = Assets.xcassets; sourceTree = "<group>"; };
		18C644B72A31B885002F3B39 /* Github_Actions_Flexible_Interface.entitlements */ = {isa = PBXFileReference; lastKnownFileType = text.plist.entitlements; path = Github_Actions_Flexible_Interface.entitlements; sourceTree = "<group>"; };
		18C644B82A31B885002F3B39 /* Github Actions Flexible Interface.entitlements */ = {isa = PBXFileReference; lastKnownFileType = text.plist.entitlements; path = "Github Actions Flexible Interface.entitlements"; sourceTree = "<group>"; };
		18C644BD2A31B886002F3B39 /* Github Actions Flexible Interface Extension.appex */ = {isa = PBXFileReference; explicitFileType = "wrapper.app-extension"; includeInIndex = 0; path = "Github Actions Flexible Interface Extension.appex"; sourceTree = BUILT_PRODUCTS_DIR; };
		18C644C22A31B886002F3B39 /* SafariWebExtensionHandler.swift */ = {isa = PBXFileReference; lastKnownFileType = sourcecode.swift; path = SafariWebExtensionHandler.swift; sourceTree = "<group>"; };
		18C644C52A31B886002F3B39 /* _locales */ = {isa = PBXFileReference; lastKnownFileType = folder; path = _locales; sourceTree = "<group>"; };
		18C644C72A31B886002F3B39 /* images */ = {isa = PBXFileReference; lastKnownFileType = folder; path = images; sourceTree = "<group>"; };
		18C644C92A31B886002F3B39 /* manifest.json */ = {isa = PBXFileReference; lastKnownFileType = text.json; path = manifest.json; sourceTree = "<group>"; };
		18C644CB2A31B886002F3B39 /* background.js */ = {isa = PBXFileReference; lastKnownFileType = sourcecode.javascript; path = background.js; sourceTree = "<group>"; };
		18C644CD2A31B886002F3B39 /* content.js */ = {isa = PBXFileReference; lastKnownFileType = sourcecode.javascript; path = content.js; sourceTree = "<group>"; };
		18C644CF2A31B886002F3B39 /* popup.html */ = {isa = PBXFileReference; lastKnownFileType = text.html; path = popup.html; sourceTree = "<group>"; };
		18C644D12A31B886002F3B39 /* popup.css */ = {isa = PBXFileReference; lastKnownFileType = text.css; path = popup.css; sourceTree = "<group>"; };
		18C644D32A31B886002F3B39 /* popup.js */ = {isa = PBXFileReference; lastKnownFileType = sourcecode.javascript; path = popup.js; sourceTree = "<group>"; };
		18C644D52A31B886002F3B39 /* Info.plist */ = {isa = PBXFileReference; lastKnownFileType = text.plist.xml; path = Info.plist; sourceTree = "<group>"; };
		18C644D62A31B886002F3B39 /* Github_Actions_Flexible_Interface_Extension.entitlements */ = {isa = PBXFileReference; lastKnownFileType = text.plist.entitlements; path = Github_Actions_Flexible_Interface_Extension.entitlements; sourceTree = "<group>"; };
		18FE11322A31BFB3008DC1CF /* main.js */ = {isa = PBXFileReference; fileEncoding = 4; lastKnownFileType = sourcecode.javascript; path = main.js; sourceTree = "<group>"; };
		18FE71752A38607A00FEF330 /* 1024x1024.png */ = {isa = PBXFileReference; lastKnownFileType = image.png; path = 1024x1024.png; sourceTree = "<group>"; };
/* End PBXFileReference section */

/* Begin PBXFrameworksBuildPhase section */
		18C6449E2A31B880002F3B39 /* Frameworks */ = {
			isa = PBXFrameworksBuildPhase;
			buildActionMask = 2147483647;
			files = (
			);
			runOnlyForDeploymentPostprocessing = 0;
		};
		18C644BA2A31B886002F3B39 /* Frameworks */ = {
			isa = PBXFrameworksBuildPhase;
			buildActionMask = 2147483647;
			files = (
			);
			runOnlyForDeploymentPostprocessing = 0;
		};
/* End PBXFrameworksBuildPhase section */

/* Begin PBXGroup section */
		18C644982A31B87F002F3B39 = {
			isa = PBXGroup;
			children = (
				18C644A32A31B880002F3B39 /* Github Actions Flexible Interface */,
				18C644C12A31B886002F3B39 /* Github Actions Flexible Interface Extension */,
				18C644A22A31B880002F3B39 /* Products */,
			);
			sourceTree = "<group>";
		};
		18C644A22A31B880002F3B39 /* Products */ = {
			isa = PBXGroup;
			children = (
				18C644A12A31B880002F3B39 /* Github Actions Flexible Interface.app */,
				18C644BD2A31B886002F3B39 /* Github Actions Flexible Interface Extension.appex */,
			);
			name = Products;
			sourceTree = "<group>";
		};
		18C644A32A31B880002F3B39 /* Github Actions Flexible Interface */ = {
			isa = PBXGroup;
			children = (
				18C644A42A31B880002F3B39 /* AppDelegate.swift */,
				18C644B02A31B880002F3B39 /* ViewController.swift */,
				18C644B22A31B880002F3B39 /* Main.storyboard */,
				18C644B52A31B885002F3B39 /* Assets.xcassets */,
				18C644B72A31B885002F3B39 /* Github_Actions_Flexible_Interface.entitlements */,
				18C644B82A31B885002F3B39 /* Github Actions Flexible Interface.entitlements */,
				18C644A62A31B880002F3B39 /* Resources */,
			);
			path = "Github Actions Flexible Interface";
			sourceTree = "<group>";
		};
		18C644A62A31B880002F3B39 /* Resources */ = {
			isa = PBXGroup;
			children = (
				185BB8E82A33377D000BDD51 /* Icon.png */,
				18FE71752A38607A00FEF330 /* 1024x1024.png */,
				18C644A72A31B880002F3B39 /* Main.html */,
				18C644AC2A31B880002F3B39 /* Style.css */,
				18C644AE2A31B880002F3B39 /* Script.js */,
			);
			path = Resources;
			sourceTree = "<group>";
		};
		18C644C12A31B886002F3B39 /* Github Actions Flexible Interface Extension */ = {
			isa = PBXGroup;
			children = (
				18C644C22A31B886002F3B39 /* SafariWebExtensionHandler.swift */,
				18C644D52A31B886002F3B39 /* Info.plist */,
				18C644D62A31B886002F3B39 /* Github_Actions_Flexible_Interface_Extension.entitlements */,
				18C644C42A31B886002F3B39 /* Resources */,
			);
			path = "Github Actions Flexible Interface Extension";
			sourceTree = "<group>";
		};
		18C644C42A31B886002F3B39 /* Resources */ = {
			isa = PBXGroup;
			children = (
				18FE11322A31BFB3008DC1CF /* main.js */,
				18C644C52A31B886002F3B39 /* _locales */,
				18C644C72A31B886002F3B39 /* images */,
				18C644C92A31B886002F3B39 /* manifest.json */,
				18C644CB2A31B886002F3B39 /* background.js */,
				18C644CD2A31B886002F3B39 /* content.js */,
				18C644CF2A31B886002F3B39 /* popup.html */,
				18C644D12A31B886002F3B39 /* popup.css */,
				18C644D32A31B886002F3B39 /* popup.js */,
			);
			path = Resources;
			sourceTree = "<group>";
		};
/* End PBXGroup section */

/* Begin PBXNativeTarget section */
		18C644A02A31B880002F3B39 /* Github Actions Flexible Interface */ = {
			isa = PBXNativeTarget;
			buildConfigurationList = 18C644DD2A31B886002F3B39 /* Build configuration list for PBXNativeTarget "Github Actions Flexible Interface" */;
			buildPhases = (
				18C6449D2A31B880002F3B39 /* Sources */,
				18C6449E2A31B880002F3B39 /* Frameworks */,
				18C6449F2A31B880002F3B39 /* Resources */,
				18C644DC2A31B886002F3B39 /* Embed App Extensions */,
			);
			buildRules = (
			);
			dependencies = (
				18C644C02A31B886002F3B39 /* PBXTargetDependency */,
			);
			name = "Github Actions Flexible Interface";
			productName = "Github Actions Flexible Interface";
			productReference = 18C644A12A31B880002F3B39 /* Github Actions Flexible Interface.app */;
			productType = "com.apple.product-type.application";
		};
		18C644BC2A31B886002F3B39 /* Github Actions Flexible Interface Extension */ = {
			isa = PBXNativeTarget;
			buildConfigurationList = 18C644D92A31B886002F3B39 /* Build configuration list for PBXNativeTarget "Github Actions Flexible Interface Extension" */;
			buildPhases = (
				18C644B92A31B886002F3B39 /* Sources */,
				18C644BA2A31B886002F3B39 /* Frameworks */,
				18C644BB2A31B886002F3B39 /* Resources */,
			);
			buildRules = (
			);
			dependencies = (
			);
			name = "Github Actions Flexible Interface Extension";
			productName = "Github Actions Flexible Interface Extension";
			productReference = 18C644BD2A31B886002F3B39 /* Github Actions Flexible Interface Extension.appex */;
			productType = "com.apple.product-type.app-extension";
		};
/* End PBXNativeTarget section */

/* Begin PBXProject section */
		18C644992A31B87F002F3B39 /* Project object */ = {
			isa = PBXProject;
			attributes = {
				BuildIndependentTargetsInParallel = 1;
				LastSwiftUpdateCheck = 1320;
				LastUpgradeCheck = 1320;
				TargetAttributes = {
					18C644A02A31B880002F3B39 = {
						CreatedOnToolsVersion = 13.2.1;
					};
					18C644BC2A31B886002F3B39 = {
						CreatedOnToolsVersion = 13.2.1;
					};
				};
			};
			buildConfigurationList = 18C6449C2A31B87F002F3B39 /* Build configuration list for PBXProject "Github Actions Flexible Interface" */;
			compatibilityVersion = "Xcode 13.0";
			developmentRegion = en;
			hasScannedForEncodings = 0;
			knownRegions = (
				en,
				Base,
			);
			mainGroup = 18C644982A31B87F002F3B39;
			productRefGroup = 18C644A22A31B880002F3B39 /* Products */;
			projectDirPath = "";
			projectRoot = "";
			targets = (
				18C644A02A31B880002F3B39 /* Github Actions Flexible Interface */,
				18C644BC2A31B886002F3B39 /* Github Actions Flexible Interface Extension */,
			);
		};
/* End PBXProject section */

/* Begin PBXResourcesBuildPhase section */
		18C6449F2A31B880002F3B39 /* Resources */ = {
			isa = PBXResourcesBuildPhase;
			buildActionMask = 2147483647;
			files = (
				185BB8E92A33377D000BDD51 /* Icon.png in Resources */,
				18C644B42A31B880002F3B39 /* Main.storyboard in Resources */,
				18C644AF2A31B880002F3B39 /* Script.js in Resources */,
				18C644A92A31B880002F3B39 /* Main.html in Resources */,
				18C644B62A31B885002F3B39 /* Assets.xcassets in Resources */,
				18C644AD2A31B880002F3B39 /* Style.css in Resources */,
			);
			runOnlyForDeploymentPostprocessing = 0;
		};
		18C644BB2A31B886002F3B39 /* Resources */ = {
			isa = PBXResourcesBuildPhase;
			buildActionMask = 2147483647;
			files = (
				18C644CC2A31B886002F3B39 /* background.js in Resources */,
				18C644D22A31B886002F3B39 /* popup.css in Resources */,
				18C644D02A31B886002F3B39 /* popup.html in Resources */,
				18C644C82A31B886002F3B39 /* images in Resources */,
				18C644CA2A31B886002F3B39 /* manifest.json in Resources */,
				18C644C62A31B886002F3B39 /* _locales in Resources */,
				18FE11332A31BFB4008DC1CF /* main.js in Resources */,
				18C644CE2A31B886002F3B39 /* content.js in Resources */,
				18C644D42A31B886002F3B39 /* popup.js in Resources */,
			);
			runOnlyForDeploymentPostprocessing = 0;
		};
/* End PBXResourcesBuildPhase section */

/* Begin PBXSourcesBuildPhase section */
		18C6449D2A31B880002F3B39 /* Sources */ = {
			isa = PBXSourcesBuildPhase;
			buildActionMask = 2147483647;
			files = (
				18C644B12A31B880002F3B39 /* ViewController.swift in Sources */,
				18C644A52A31B880002F3B39 /* AppDelegate.swift in Sources */,
			);
			runOnlyForDeploymentPostprocessing = 0;
		};
		18C644B92A31B886002F3B39 /* Sources */ = {
			isa = PBXSourcesBuildPhase;
			buildActionMask = 2147483647;
			files = (
				18C644C32A31B886002F3B39 /* SafariWebExtensionHandler.swift in Sources */,
			);
			runOnlyForDeploymentPostprocessing = 0;
		};
/* End PBXSourcesBuildPhase section */

/* Begin PBXTargetDependency section */
		18C644C02A31B886002F3B39 /* PBXTargetDependency */ = {
			isa = PBXTargetDependency;
			target = 18C644BC2A31B886002F3B39 /* Github Actions Flexible Interface Extension */;
			targetProxy = 18C644BF2A31B886002F3B39 /* PBXContainerItemProxy */;
		};
/* End PBXTargetDependency section */

/* Begin PBXVariantGroup section */
		18C644A72A31B880002F3B39 /* Main.html */ = {
			isa = PBXVariantGroup;
			children = (
				18C644A82A31B880002F3B39 /* Base */,
			);
			name = Main.html;
			sourceTree = "<group>";
		};
		18C644B22A31B880002F3B39 /* Main.storyboard */ = {
			isa = PBXVariantGroup;
			children = (
				18C644B32A31B880002F3B39 /* Base */,
			);
			name = Main.storyboard;
			sourceTree = "<group>";
		};
/* End PBXVariantGroup section */

/* Begin XCBuildConfiguration section */
		18C644D72A31B886002F3B39 /* Debug */ = {
			isa = XCBuildConfiguration;
			buildSettings = {
				ALWAYS_SEARCH_USER_PATHS = NO;
				CLANG_ANALYZER_NONNULL = YES;
				CLANG_ANALYZER_NUMBER_OBJECT_CONVERSION = YES_AGGRESSIVE;
				CLANG_CXX_LANGUAGE_STANDARD = "gnu++17";
				CLANG_CXX_LIBRARY = "libc++";
				CLANG_ENABLE_MODULES = YES;
				CLANG_ENABLE_OBJC_ARC = YES;
				CLANG_ENABLE_OBJC_WEAK = YES;
				CLANG_WARN_BLOCK_CAPTURE_AUTORELEASING = YES;
				CLANG_WARN_BOOL_CONVERSION = YES;
				CLANG_WARN_COMMA = YES;
				CLANG_WARN_CONSTANT_CONVERSION = YES;
				CLANG_WARN_DEPRECATED_OBJC_IMPLEMENTATIONS = YES;
				CLANG_WARN_DIRECT_OBJC_ISA_USAGE = YES_ERROR;
				CLANG_WARN_DOCUMENTATION_COMMENTS = YES;
				CLANG_WARN_EMPTY_BODY = YES;
				CLANG_WARN_ENUM_CONVERSION = YES;
				CLANG_WARN_INFINITE_RECURSION = YES;
				CLANG_WARN_INT_CONVERSION = YES;
				CLANG_WARN_NON_LITERAL_NULL_CONVERSION = YES;
				CLANG_WARN_OBJC_IMPLICIT_RETAIN_SELF = YES;
				CLANG_WARN_OBJC_LITERAL_CONVERSION = YES;
				CLANG_WARN_OBJC_ROOT_CLASS = YES_ERROR;
				CLANG_WARN_QUOTED_INCLUDE_IN_FRAMEWORK_HEADER = YES;
				CLANG_WARN_RANGE_LOOP_ANALYSIS = YES;
				CLANG_WARN_STRICT_PROTOTYPES = YES;
				CLANG_WARN_SUSPICIOUS_MOVE = YES;
				CLANG_WARN_UNGUARDED_AVAILABILITY = YES_AGGRESSIVE;
				CLANG_WARN_UNREACHABLE_CODE = YES;
				CLANG_WARN__DUPLICATE_METHOD_MATCH = YES;
				COPY_PHASE_STRIP = NO;
				DEBUG_INFORMATION_FORMAT = dwarf;
				ENABLE_STRICT_OBJC_MSGSEND = YES;
				ENABLE_TESTABILITY = YES;
				GCC_C_LANGUAGE_STANDARD = gnu11;
				GCC_DYNAMIC_NO_PIC = NO;
				GCC_NO_COMMON_BLOCKS = YES;
				GCC_OPTIMIZATION_LEVEL = 0;
				GCC_PREPROCESSOR_DEFINITIONS = (
					"DEBUG=1",
					"$(inherited)",
				);
				GCC_WARN_64_TO_32_BIT_CONVERSION = YES;
				GCC_WARN_ABOUT_RETURN_TYPE = YES_ERROR;
				GCC_WARN_UNDECLARED_SELECTOR = YES;
				GCC_WARN_UNINITIALIZED_AUTOS = YES_AGGRESSIVE;
				GCC_WARN_UNUSED_FUNCTION = YES;
				GCC_WARN_UNUSED_VARIABLE = YES;
				MACOSX_DEPLOYMENT_TARGET = 11.6;
				MTL_ENABLE_DEBUG_INFO = INCLUDE_SOURCE;
				MTL_FAST_MATH = YES;
				ONLY_ACTIVE_ARCH = YES;
				SDKROOT = macosx;
				SWIFT_ACTIVE_COMPILATION_CONDITIONS = DEBUG;
				SWIFT_OPTIMIZATION_LEVEL = "-Onone";
			};
			name = Debug;
		};
		18C644D82A31B886002F3B39 /* Release */ = {
			isa = XCBuildConfiguration;
			buildSettings = {
				ALWAYS_SEARCH_USER_PATHS = NO;
				CLANG_ANALYZER_NONNULL = YES;
				CLANG_ANALYZER_NUMBER_OBJECT_CONVERSION = YES_AGGRESSIVE;
				CLANG_CXX_LANGUAGE_STANDARD = "gnu++17";
				CLANG_CXX_LIBRARY = "libc++";
				CLANG_ENABLE_MODULES = YES;
				CLANG_ENABLE_OBJC_ARC = YES;
				CLANG_ENABLE_OBJC_WEAK = YES;
				CLANG_WARN_BLOCK_CAPTURE_AUTORELEASING = YES;
				CLANG_WARN_BOOL_CONVERSION = YES;
				CLANG_WARN_COMMA = YES;
				CLANG_WARN_CONSTANT_CONVERSION = YES;
				CLANG_WARN_DEPRECATED_OBJC_IMPLEMENTATIONS = YES;
				CLANG_WARN_DIRECT_OBJC_ISA_USAGE = YES_ERROR;
				CLANG_WARN_DOCUMENTATION_COMMENTS = YES;
				CLANG_WARN_EMPTY_BODY = YES;
				CLANG_WARN_ENUM_CONVERSION = YES;
				CLANG_WARN_INFINITE_RECURSION = YES;
				CLANG_WARN_INT_CONVERSION = YES;
				CLANG_WARN_NON_LITERAL_NULL_CONVERSION = YES;
				CLANG_WARN_OBJC_IMPLICIT_RETAIN_SELF = YES;
				CLANG_WARN_OBJC_LITERAL_CONVERSION = YES;
				CLANG_WARN_OBJC_ROOT_CLASS = YES_ERROR;
				CLANG_WARN_QUOTED_INCLUDE_IN_FRAMEWORK_HEADER = YES;
				CLANG_WARN_RANGE_LOOP_ANALYSIS = YES;
				CLANG_WARN_STRICT_PROTOTYPES = YES;
				CLANG_WARN_SUSPICIOUS_MOVE = YES;
				CLANG_WARN_UNGUARDED_AVAILABILITY = YES_AGGRESSIVE;
				CLANG_WARN_UNREACHABLE_CODE = YES;
				CLANG_WARN__DUPLICATE_METHOD_MATCH = YES;
				COPY_PHASE_STRIP = NO;
				DEBUG_INFORMATION_FORMAT = "dwarf-with-dsym";
				ENABLE_NS_ASSERTIONS = NO;
				ENABLE_STRICT_OBJC_MSGSEND = YES;
				GCC_C_LANGUAGE_STANDARD = gnu11;
				GCC_NO_COMMON_BLOCKS = YES;
				GCC_WARN_64_TO_32_BIT_CONVERSION = YES;
				GCC_WARN_ABOUT_RETURN_TYPE = YES_ERROR;
				GCC_WARN_UNDECLARED_SELECTOR = YES;
				GCC_WARN_UNINITIALIZED_AUTOS = YES_AGGRESSIVE;
				GCC_WARN_UNUSED_FUNCTION = YES;
				GCC_WARN_UNUSED_VARIABLE = YES;
				MACOSX_DEPLOYMENT_TARGET = 11.6;
				MTL_ENABLE_DEBUG_INFO = NO;
				MTL_FAST_MATH = YES;
				SDKROOT = macosx;
				SWIFT_COMPILATION_MODE = wholemodule;
				SWIFT_OPTIMIZATION_LEVEL = "-O";
			};
			name = Release;
		};
		18C644DA2A31B886002F3B39 /* Debug */ = {
			isa = XCBuildConfiguration;
			buildSettings = {
				CODE_SIGN_ENTITLEMENTS = "Github Actions Flexible Interface Extension/Github_Actions_Flexible_Interface_Extension.entitlements";
				CODE_SIGN_STYLE = Automatic;
				CURRENT_PROJECT_VERSION = 1;
				ENABLE_HARDENED_RUNTIME = YES;
				GENERATE_INFOPLIST_FILE = YES;
				INFOPLIST_FILE = "Github Actions Flexible Interface Extension/Info.plist";
				INFOPLIST_KEY_CFBundleDisplayName = "Github Actions Flexible Interface Extension";
				INFOPLIST_KEY_NSHumanReadableCopyright = "";
				LD_RUNPATH_SEARCH_PATHS = (
					"$(inherited)",
					"@executable_path/../Frameworks",
					"@executable_path/../../../../Frameworks",
				);
				MACOSX_DEPLOYMENT_TARGET = 10.14;
				MARKETING_VERSION = 1.0;
				OTHER_LDFLAGS = (
					"-framework",
					SafariServices,
				);
				PRODUCT_BUNDLE_IDENTIFIER = "com.dsergeev.Github-Actions-Flexible-Interface.Extension";
				PRODUCT_NAME = "$(TARGET_NAME)";
				SKIP_INSTALL = YES;
				SWIFT_EMIT_LOC_STRINGS = YES;
				SWIFT_VERSION = 5.0;
			};
			name = Debug;
		};
		18C644DB2A31B886002F3B39 /* Release */ = {
			isa = XCBuildConfiguration;
			buildSettings = {
				CODE_SIGN_ENTITLEMENTS = "Github Actions Flexible Interface Extension/Github_Actions_Flexible_Interface_Extension.entitlements";
				CODE_SIGN_STYLE = Automatic;
				CURRENT_PROJECT_VERSION = 1;
				ENABLE_HARDENED_RUNTIME = YES;
				GENERATE_INFOPLIST_FILE = YES;
				INFOPLIST_FILE = "Github Actions Flexible Interface Extension/Info.plist";
				INFOPLIST_KEY_CFBundleDisplayName = "Github Actions Flexible Interface Extension";
				INFOPLIST_KEY_NSHumanReadableCopyright = "";
				LD_RUNPATH_SEARCH_PATHS = (
					"$(inherited)",
					"@executable_path/../Frameworks",
					"@executable_path/../../../../Frameworks",
				);
				MACOSX_DEPLOYMENT_TARGET = 10.14;
				MARKETING_VERSION = 1.0;
				OTHER_LDFLAGS = (
					"-framework",
					SafariServices,
				);
				PRODUCT_BUNDLE_IDENTIFIER = "com.dsergeev.Github-Actions-Flexible-Interface.Extension";
				PRODUCT_NAME = "$(TARGET_NAME)";
				SKIP_INSTALL = YES;
				SWIFT_EMIT_LOC_STRINGS = YES;
				SWIFT_VERSION = 5.0;
			};
			name = Release;
		};
		18C644DE2A31B886002F3B39 /* Debug */ = {
			isa = XCBuildConfiguration;
			buildSettings = {
				ALWAYS_EMBED_SWIFT_STANDARD_LIBRARIES = YES;
				ASSETCATALOG_COMPILER_APPICON_NAME = AppIcon;
				ASSETCATALOG_COMPILER_GLOBAL_ACCENT_COLOR_NAME = AccentColor;
				CODE_SIGN_ENTITLEMENTS = "Github Actions Flexible Interface/Github Actions Flexible Interface.entitlements";
				CODE_SIGN_STYLE = Automatic;
				COMBINE_HIDPI_IMAGES = YES;
				CURRENT_PROJECT_VERSION = 1;
				ENABLE_HARDENED_RUNTIME = YES;
				GENERATE_INFOPLIST_FILE = YES;
				INFOPLIST_KEY_CFBundleDisplayName = "Github Actions Flexible Interface";
				INFOPLIST_KEY_LSApplicationCategoryType = "public.app-category.developer-tools";
				INFOPLIST_KEY_NSHumanReadableCopyright = "";
				INFOPLIST_KEY_NSMainStoryboardFile = Main;
				INFOPLIST_KEY_NSPrincipalClass = NSApplication;
				LD_RUNPATH_SEARCH_PATHS = (
					"$(inherited)",
					"@executable_path/../Frameworks",
				);
				MACOSX_DEPLOYMENT_TARGET = 10.14;
				MARKETING_VERSION = 0.3.15;
				OTHER_LDFLAGS = (
					"-framework",
					SafariServices,
					"-framework",
					WebKit,
				);
				PRODUCT_BUNDLE_IDENTIFIER = "com.dsergeev.Github-Actions-Flexible-Interface";
				PRODUCT_NAME = "$(TARGET_NAME)";
				SWIFT_EMIT_LOC_STRINGS = YES;
				SWIFT_VERSION = 5.0;
			};
			name = Debug;
		};
		18C644DF2A31B886002F3B39 /* Release */ = {
			isa = XCBuildConfiguration;
			buildSettings = {
				ALWAYS_EMBED_SWIFT_STANDARD_LIBRARIES = YES;
				ASSETCATALOG_COMPILER_APPICON_NAME = AppIcon;
				ASSETCATALOG_COMPILER_GLOBAL_ACCENT_COLOR_NAME = AccentColor;
				CODE_SIGN_ENTITLEMENTS = "Github Actions Flexible Interface/Github Actions Flexible Interface.entitlements";
				CODE_SIGN_STYLE = Automatic;
				COMBINE_HIDPI_IMAGES = YES;
				CURRENT_PROJECT_VERSION = 1;
				ENABLE_HARDENED_RUNTIME = YES;
				GENERATE_INFOPLIST_FILE = YES;
				INFOPLIST_KEY_CFBundleDisplayName = "Github Actions Flexible Interface";
				INFOPLIST_KEY_LSApplicationCategoryType = "public.app-category.developer-tools";
				INFOPLIST_KEY_NSHumanReadableCopyright = "";
				INFOPLIST_KEY_NSMainStoryboardFile = Main;
				INFOPLIST_KEY_NSPrincipalClass = NSApplication;
				LD_RUNPATH_SEARCH_PATHS = (
					"$(inherited)",
					"@executable_path/../Frameworks",
				);
				MACOSX_DEPLOYMENT_TARGET = 10.14;
				MARKETING_VERSION = 0.3.15;
				OTHER_LDFLAGS = (
					"-framework",
					SafariServices,
					"-framework",
					WebKit,
				);
				PRODUCT_BUNDLE_IDENTIFIER = "com.dsergeev.Github-Actions-Flexible-Interface";
				PRODUCT_NAME = "$(TARGET_NAME)";
				SWIFT_EMIT_LOC_STRINGS = YES;
				SWIFT_VERSION = 5.0;
			};
			name = Release;
		};
/* End XCBuildConfiguration section */

/* Begin XCConfigurationList section */
		18C6449C2A31B87F002F3B39 /* Build configuration list for PBXProject "Github Actions Flexible Interface" */ = {
			isa = XCConfigurationList;
			buildConfigurations = (
				18C644D72A31B886002F3B39 /* Debug */,
				18C644D82A31B886002F3B39 /* Release */,
			);
			defaultConfigurationIsVisible = 0;
			defaultConfigurationName = Release;
		};
		18C644D92A31B886002F3B39 /* Build configuration list for PBXNativeTarget "Github Actions Flexible Interface Extension" */ = {
			isa = XCConfigurationList;
			buildConfigurations = (
				18C644DA2A31B886002F3B39 /* Debug */,
				18C644DB2A31B886002F3B39 /* Release */,
			);
			defaultConfigurationIsVisible = 0;
			defaultConfigurationName = Release;
		};
		18C644DD2A31B886002F3B39 /* Build configuration list for PBXNativeTarget "Github Actions Flexible Interface" */ = {
			isa = XCConfigurationList;
			buildConfigurations = (
				18C644DE2A31B886002F3B39 /* Debug */,
				18C644DF2A31B886002F3B39 /* Release */,
			);
			defaultConfigurationIsVisible = 0;
			defaultConfigurationName = Release;
		};
/* End XCConfigurationList section */
	};
	rootObject = 18C644992A31B87F002F3B39 /* Project object */;
}
